
Microsoft Visual Studio Solution File, Format Version 12.00
# Visual Studio 15
VisualStudioVersion = 15.0.27520.0
MinimumVisualStudioVersion = 10.0.40219.1
Project("{9A19103F-16F7-4668-BE54-9A1E7A4F7556}") = "ClassLibrary1", "ClassLibrary1\ClassLibrary1.csproj", "{211B9AEF-B81C-4FB7-966E-389EDA4CF552}"
EndProject
Project("{FAE04EC0-301F-11D3-BF4B-00C04F79EFBC}") = "ConsoleApp1", "ConsoleApp1\ConsoleApp1.csproj", "{71472FF3-74C1-4B75-BBD5-05D1577837D5}"
EndProject
Global
	GlobalSection(SolutionConfigurationPlatforms) = preSolution
		Debug|Any CPU = Debug|Any CPU
		Release|Any CPU = Release|Any CPU
	EndGlobalSection
	GlobalSection(ProjectConfigurationPlatforms) = postSolution
		{211B9AEF-B81C-4FB7-966E-389EDA4CF552}.Debug|Any CPU.ActiveCfg = Debug|Any CPU
		{211B9AEF-B81C-4FB7-966E-389EDA4CF552}.Debug|Any CPU.Build.0 = Debug|Any CPU
		{211B9AEF-B81C-4FB7-966E-389EDA4CF552}.Release|Any CPU.ActiveCfg = Release|Any CPU
		{211B9AEF-B81C-4FB7-966E-389EDA4CF552}.Release|Any CPU.Build.0 = Release|Any CPU
		{71472FF3-74C1-4B75-BBD5-05D1577837D5}.Debug|Any CPU.ActiveCfg = Debug|Any CPU
		{71472FF3-74C1-4B75-BBD5-05D1577837D5}.Debug|Any CPU.Build.0 = Debug|Any CPU
		{71472FF3-74C1-4B75-BBD5-05D1577837D5}.Release|Any CPU.ActiveCfg = Release|Any CPU
		{71472FF3-74C1-4B75-BBD5-05D1577837D5}.Release|Any CPU.Build.0 = Release|Any CPU
	EndGlobalSection
	GlobalSection(SolutionProperties) = preSolution
		HideSolutionNode = FALSE
	EndGlobalSection
	GlobalSection(ExtensibilityGlobals) = postSolution
		SolutionGuid = {57F767E3-4FDB-48A5-989F-1279CA8F3F21}
	EndGlobalSection
EndGlobal
